
Microsoft Visual Studio Solution File, Format Version 12.00
# Visual Studio 15
VisualStudioVersion = 15.0.26124.0
MinimumVisualStudioVersion = 15.0.26124.0
Project("{9A19103F-16F7-4668-BE54-9A1E7A4F7556}") = "LS.Shared", "LS.Shared\LS.Shared.csproj", "{6FB93F98-B494-446C-8093-E6AE219580E2}"
EndProject
Project("{9A19103F-16F7-4668-BE54-9A1E7A4F7556}") = "LS.Infra", "LS.Infra\LS.Infra.csproj", "{358AB8DA-3DE4-4AC8-B44F-CC1B01BE40E1}"
EndProject
Project("{9A19103F-16F7-4668-BE54-9A1E7A4F7556}") = "LS.Test", "Ls.Test\LS.Test.csproj", "{E51AD389-3D5C-4C73-A198-20D1C10DB011}"
EndProject
Project("{FAE04EC0-301F-11D3-BF4B-00C04F79EFBC}") = "LS.Domain", "LS.Domain\LS.Domain.csproj", "{1EE9D8D4-D1B3-4595-AF7D-B3F26A052B6C}"
EndProject
Project("{FAE04EC0-301F-11D3-BF4B-00C04F79EFBC}") = "LS.Api", "LS.Api\LS.Api.csproj", "{B699EF84-E350-4D66-9202-20741ECC43EA}"
EndProject
Global
	GlobalSection(SolutionConfigurationPlatforms) = preSolution
		Debug|Any CPU = Debug|Any CPU
		Debug|x64 = Debug|x64
		Debug|x86 = Debug|x86
		Release|Any CPU = Release|Any CPU
		Release|x64 = Release|x64
		Release|x86 = Release|x86
	EndGlobalSection
	GlobalSection(ProjectConfigurationPlatforms) = postSolution
		{6FB93F98-B494-446C-8093-E6AE219580E2}.Debug|Any CPU.ActiveCfg = Debug|Any CPU
		{6FB93F98-B494-446C-8093-E6AE219580E2}.Debug|Any CPU.Build.0 = Debug|Any CPU
		{6FB93F98-B494-446C-8093-E6AE219580E2}.Debug|x64.ActiveCfg = Debug|Any CPU
		{6FB93F98-B494-446C-8093-E6AE219580E2}.Debug|x64.Build.0 = Debug|Any CPU
		{6FB93F98-B494-446C-8093-E6AE219580E2}.Debug|x86.ActiveCfg = Debug|Any CPU
		{6FB93F98-B494-446C-8093-E6AE219580E2}.Debug|x86.Build.0 = Debug|Any CPU
		{6FB93F98-B494-446C-8093-E6AE219580E2}.Release|Any CPU.ActiveCfg = Release|Any CPU
		{6FB93F98-B494-446C-8093-E6AE219580E2}.Release|Any CPU.Build.0 = Release|Any CPU
		{6FB93F98-B494-446C-8093-E6AE219580E2}.Release|x64.ActiveCfg = Release|Any CPU
		{6FB93F98-B494-446C-8093-E6AE219580E2}.Release|x64.Build.0 = Release|Any CPU
		{6FB93F98-B494-446C-8093-E6AE219580E2}.Release|x86.ActiveCfg = Release|Any CPU
		{6FB93F98-B494-446C-8093-E6AE219580E2}.Release|x86.Build.0 = Release|Any CPU
		{358AB8DA-3DE4-4AC8-B44F-CC1B01BE40E1}.Debug|Any CPU.ActiveCfg = Debug|Any CPU
		{358AB8DA-3DE4-4AC8-B44F-CC1B01BE40E1}.Debug|Any CPU.Build.0 = Debug|Any CPU
		{358AB8DA-3DE4-4AC8-B44F-CC1B01BE40E1}.Debug|x64.ActiveCfg = Debug|Any CPU
		{358AB8DA-3DE4-4AC8-B44F-CC1B01BE40E1}.Debug|x64.Build.0 = Debug|Any CPU
		{358AB8DA-3DE4-4AC8-B44F-CC1B01BE40E1}.Debug|x86.ActiveCfg = Debug|Any CPU
		{358AB8DA-3DE4-4AC8-B44F-CC1B01BE40E1}.Debug|x86.Build.0 = Debug|Any CPU
		{358AB8DA-3DE4-4AC8-B44F-CC1B01BE40E1}.Release|Any CPU.ActiveCfg = Release|Any CPU
		{358AB8DA-3DE4-4AC8-B44F-CC1B01BE40E1}.Release|Any CPU.Build.0 = Release|Any CPU
		{358AB8DA-3DE4-4AC8-B44F-CC1B01BE40E1}.Release|x64.ActiveCfg = Release|Any CPU
		{358AB8DA-3DE4-4AC8-B44F-CC1B01BE40E1}.Release|x64.Build.0 = Release|Any CPU
		{358AB8DA-3DE4-4AC8-B44F-CC1B01BE40E1}.Release|x86.ActiveCfg = Release|Any CPU
		{358AB8DA-3DE4-4AC8-B44F-CC1B01BE40E1}.Release|x86.Build.0 = Release|Any CPU
		{E51AD389-3D5C-4C73-A198-20D1C10DB011}.Debug|Any CPU.ActiveCfg = Debug|Any CPU
		{E51AD389-3D5C-4C73-A198-20D1C10DB011}.Debug|Any CPU.Build.0 = Debug|Any CPU
		{E51AD389-3D5C-4C73-A198-20D1C10DB011}.Debug|x64.ActiveCfg = Debug|Any CPU
		{E51AD389-3D5C-4C73-A198-20D1C10DB011}.Debug|x64.Build.0 = Debug|Any CPU
		{E51AD389-3D5C-4C73-A198-20D1C10DB011}.Debug|x86.ActiveCfg = Debug|Any CPU
		{E51AD389-3D5C-4C73-A198-20D1C10DB011}.Debug|x86.Build.0 = Debug|Any CPU
		{E51AD389-3D5C-4C73-A198-20D1C10DB011}.Release|Any CPU.ActiveCfg = Release|Any CPU
		{E51AD389-3D5C-4C73-A198-20D1C10DB011}.Release|Any CPU.Build.0 = Release|Any CPU
		{E51AD389-3D5C-4C73-A198-20D1C10DB011}.Release|x64.ActiveCfg = Release|Any CPU
		{E51AD389-3D5C-4C73-A198-20D1C10DB011}.Release|x64.Build.0 = Release|Any CPU
		{E51AD389-3D5C-4C73-A198-20D1C10DB011}.Release|x86.ActiveCfg = Release|Any CPU
		{E51AD389-3D5C-4C73-A198-20D1C10DB011}.Release|x86.Build.0 = Release|Any CPU
		{1EE9D8D4-D1B3-4595-AF7D-B3F26A052B6C}.Debug|Any CPU.ActiveCfg = Debug|Any CPU
		{1EE9D8D4-D1B3-4595-AF7D-B3F26A052B6C}.Debug|Any CPU.Build.0 = Debug|Any CPU
		{1EE9D8D4-D1B3-4595-AF7D-B3F26A052B6C}.Debug|x64.ActiveCfg = Debug|Any CPU
		{1EE9D8D4-D1B3-4595-AF7D-B3F26A052B6C}.Debug|x64.Build.0 = Debug|Any CPU
		{1EE9D8D4-D1B3-4595-AF7D-B3F26A052B6C}.Debug|x86.ActiveCfg = Debug|Any CPU
		{1EE9D8D4-D1B3-4595-AF7D-B3F26A052B6C}.Debug|x86.Build.0 = Debug|Any CPU
		{1EE9D8D4-D1B3-4595-AF7D-B3F26A052B6C}.Release|Any CPU.ActiveCfg = Release|Any CPU
		{1EE9D8D4-D1B3-4595-AF7D-B3F26A052B6C}.Release|Any CPU.Build.0 = Release|Any CPU
		{1EE9D8D4-D1B3-4595-AF7D-B3F26A052B6C}.Release|x64.ActiveCfg = Release|Any CPU
		{1EE9D8D4-D1B3-4595-AF7D-B3F26A052B6C}.Release|x64.Build.0 = Release|Any CPU
		{1EE9D8D4-D1B3-4595-AF7D-B3F26A052B6C}.Release|x86.ActiveCfg = Release|Any CPU
		{1EE9D8D4-D1B3-4595-AF7D-B3F26A052B6C}.Release|x86.Build.0 = Release|Any CPU
		{B699EF84-E350-4D66-9202-20741ECC43EA}.Debug|Any CPU.ActiveCfg = Debug|Any CPU
		{B699EF84-E350-4D66-9202-20741ECC43EA}.Debug|Any CPU.Build.0 = Debug|Any CPU
		{B699EF84-E350-4D66-9202-20741ECC43EA}.Debug|x64.ActiveCfg = Debug|Any CPU
		{B699EF84-E350-4D66-9202-20741ECC43EA}.Debug|x64.Build.0 = Debug|Any CPU
		{B699EF84-E350-4D66-9202-20741ECC43EA}.Debug|x86.ActiveCfg = Debug|Any CPU
		{B699EF84-E350-4D66-9202-20741ECC43EA}.Debug|x86.Build.0 = Debug|Any CPU
		{B699EF84-E350-4D66-9202-20741ECC43EA}.Release|Any CPU.ActiveCfg = Release|Any CPU
		{B699EF84-E350-4D66-9202-20741ECC43EA}.Release|Any CPU.Build.0 = Release|Any CPU
		{B699EF84-E350-4D66-9202-20741ECC43EA}.Release|x64.ActiveCfg = Release|Any CPU
		{B699EF84-E350-4D66-9202-20741ECC43EA}.Release|x64.Build.0 = Release|Any CPU
		{B699EF84-E350-4D66-9202-20741ECC43EA}.Release|x86.ActiveCfg = Release|Any CPU
		{B699EF84-E350-4D66-9202-20741ECC43EA}.Release|x86.Build.0 = Release|Any CPU
	EndGlobalSection
	GlobalSection(SolutionProperties) = preSolution
		HideSolutionNode = FALSE
	EndGlobalSection
	GlobalSection(ExtensibilityGlobals) = postSolution
		SolutionGuid = {1C5CAD91-C9D6-40E3-8F61-92DFE8714101}
	EndGlobalSection
EndGlobal
