
Microsoft Visual Studio Solution File, Format Version 12.00
# Visual Studio 15
VisualStudioVersion = 15.0.26124.0
MinimumVisualStudioVersion = 15.0.26124.0
Project("{9A19103F-16F7-4668-BE54-9A1E7A4F7556}") = "LS.Domain", "LS.Domain\LS.Domain.csproj", "{61408E3D-5529-4499-B763-912B69562321}"
EndProject
Project("{FAE04EC0-301F-11D3-BF4B-00C04F79EFBC}") = "LS.Api", "LS.Api\LS.Api.csproj", "{BA8113FD-D88D-4D02-877F-230FA23431A9}"
EndProject
Project("{FAE04EC0-301F-11D3-BF4B-00C04F79EFBC}") = "LS.Shared", "LS.Shared\LS.Shared.csproj", "{6FB93F98-B494-446C-8093-E6AE219580E2}"
EndProject
Project("{FAE04EC0-301F-11D3-BF4B-00C04F79EFBC}") = "LS.Infra", "LS.Infra\LS.Infra.csproj", "{358AB8DA-3DE4-4AC8-B44F-CC1B01BE40E1}"
EndProject
Project("{FAE04EC0-301F-11D3-BF4B-00C04F79EFBC}") = "Ls.Test", "Ls.Test\Ls.Test.csproj", "{E51AD389-3D5C-4C73-A198-20D1C10DB011}"
EndProject
Global
	GlobalSection(SolutionConfigurationPlatforms) = preSolution
		Debug|Any CPU = Debug|Any CPU
		Debug|x64 = Debug|x64
		Debug|x86 = Debug|x86
		Release|Any CPU = Release|Any CPU
		Release|x64 = Release|x64
		Release|x86 = Release|x86
	EndGlobalSection
	GlobalSection(ProjectConfigurationPlatforms) = postSolution
		{61408E3D-5529-4499-B763-912B69562321}.Debug|Any CPU.ActiveCfg = Debug|Any CPU
		{61408E3D-5529-4499-B763-912B69562321}.Debug|Any CPU.Build.0 = Debug|Any CPU
		{61408E3D-5529-4499-B763-912B69562321}.Debug|x64.ActiveCfg = Debug|Any CPU
		{61408E3D-5529-4499-B763-912B69562321}.Debug|x64.Build.0 = Debug|Any CPU
		{61408E3D-5529-4499-B763-912B69562321}.Debug|x86.ActiveCfg = Debug|Any CPU
		{61408E3D-5529-4499-B763-912B69562321}.Debug|x86.Build.0 = Debug|Any CPU
		{61408E3D-5529-4499-B763-912B69562321}.Release|Any CPU.ActiveCfg = Release|Any CPU
		{61408E3D-5529-4499-B763-912B69562321}.Release|Any CPU.Build.0 = Release|Any CPU
		{61408E3D-5529-4499-B763-912B69562321}.Release|x64.ActiveCfg = Release|Any CPU
		{61408E3D-5529-4499-B763-912B69562321}.Release|x64.Build.0 = Release|Any CPU
		{61408E3D-5529-4499-B763-912B69562321}.Release|x86.ActiveCfg = Release|Any CPU
		{61408E3D-5529-4499-B763-912B69562321}.Release|x86.Build.0 = Release|Any CPU
		{BA8113FD-D88D-4D02-877F-230FA23431A9}.Debug|Any CPU.ActiveCfg = Debug|Any CPU
		{BA8113FD-D88D-4D02-877F-230FA23431A9}.Debug|Any CPU.Build.0 = Debug|Any CPU
		{BA8113FD-D88D-4D02-877F-230FA23431A9}.Debug|x64.ActiveCfg = Debug|Any CPU
		{BA8113FD-D88D-4D02-877F-230FA23431A9}.Debug|x64.Build.0 = Debug|Any CPU
		{BA8113FD-D88D-4D02-877F-230FA23431A9}.Debug|x86.ActiveCfg = Debug|Any CPU
		{BA8113FD-D88D-4D02-877F-230FA23431A9}.Debug|x86.Build.0 = Debug|Any CPU
		{BA8113FD-D88D-4D02-877F-230FA23431A9}.Release|Any CPU.ActiveCfg = Release|Any CPU
		{BA8113FD-D88D-4D02-877F-230FA23431A9}.Release|Any CPU.Build.0 = Release|Any CPU
		{BA8113FD-D88D-4D02-877F-230FA23431A9}.Release|x64.ActiveCfg = Release|Any CPU
		{BA8113FD-D88D-4D02-877F-230FA23431A9}.Release|x64.Build.0 = Release|Any CPU
		{BA8113FD-D88D-4D02-877F-230FA23431A9}.Release|x86.ActiveCfg = Release|Any CPU
		{BA8113FD-D88D-4D02-877F-230FA23431A9}.Release|x86.Build.0 = Release|Any CPU
		{6FB93F98-B494-446C-8093-E6AE219580E2}.Debug|Any CPU.ActiveCfg = Debug|Any CPU
		{6FB93F98-B494-446C-8093-E6AE219580E2}.Debug|Any CPU.Build.0 = Debug|Any CPU
		{6FB93F98-B494-446C-8093-E6AE219580E2}.Debug|x64.ActiveCfg = Debug|Any CPU
		{6FB93F98-B494-446C-8093-E6AE219580E2}.Debug|x64.Build.0 = Debug|Any CPU
		{6FB93F98-B494-446C-8093-E6AE219580E2}.Debug|x86.ActiveCfg = Debug|Any CPU
		{6FB93F98-B494-446C-8093-E6AE219580E2}.Debug|x86.Build.0 = Debug|Any CPU
		{6FB93F98-B494-446C-8093-E6AE219580E2}.Release|Any CPU.ActiveCfg = Release|Any CPU
		{6FB93F98-B494-446C-8093-E6AE219580E2}.Release|Any CPU.Build.0 = Release|Any CPU
		{6FB93F98-B494-446C-8093-E6AE219580E2}.Release|x64.ActiveCfg = Release|Any CPU
		{6FB93F98-B494-446C-8093-E6AE219580E2}.Release|x64.Build.0 = Release|Any CPU
		{6FB93F98-B494-446C-8093-E6AE219580E2}.Release|x86.ActiveCfg = Release|Any CPU
		{6FB93F98-B494-446C-8093-E6AE219580E2}.Release|x86.Build.0 = Release|Any CPU
		{358AB8DA-3DE4-4AC8-B44F-CC1B01BE40E1}.Debug|Any CPU.ActiveCfg = Debug|Any CPU
		{358AB8DA-3DE4-4AC8-B44F-CC1B01BE40E1}.Debug|Any CPU.Build.0 = Debug|Any CPU
		{358AB8DA-3DE4-4AC8-B44F-CC1B01BE40E1}.Debug|x64.ActiveCfg = Debug|Any CPU
		{358AB8DA-3DE4-4AC8-B44F-CC1B01BE40E1}.Debug|x64.Build.0 = Debug|Any CPU
		{358AB8DA-3DE4-4AC8-B44F-CC1B01BE40E1}.Debug|x86.ActiveCfg = Debug|Any CPU
		{358AB8DA-3DE4-4AC8-B44F-CC1B01BE40E1}.Debug|x86.Build.0 = Debug|Any CPU
		{358AB8DA-3DE4-4AC8-B44F-CC1B01BE40E1}.Release|Any CPU.ActiveCfg = Release|Any CPU
		{358AB8DA-3DE4-4AC8-B44F-CC1B01BE40E1}.Release|Any CPU.Build.0 = Release|Any CPU
		{358AB8DA-3DE4-4AC8-B44F-CC1B01BE40E1}.Release|x64.ActiveCfg = Release|Any CPU
		{358AB8DA-3DE4-4AC8-B44F-CC1B01BE40E1}.Release|x64.Build.0 = Release|Any CPU
		{358AB8DA-3DE4-4AC8-B44F-CC1B01BE40E1}.Release|x86.ActiveCfg = Release|Any CPU
		{358AB8DA-3DE4-4AC8-B44F-CC1B01BE40E1}.Release|x86.Build.0 = Release|Any CPU
		{E51AD389-3D5C-4C73-A198-20D1C10DB011}.Debug|Any CPU.ActiveCfg = Debug|Any CPU
		{E51AD389-3D5C-4C73-A198-20D1C10DB011}.Debug|Any CPU.Build.0 = Debug|Any CPU
		{E51AD389-3D5C-4C73-A198-20D1C10DB011}.Debug|x64.ActiveCfg = Debug|Any CPU
		{E51AD389-3D5C-4C73-A198-20D1C10DB011}.Debug|x64.Build.0 = Debug|Any CPU
		{E51AD389-3D5C-4C73-A198-20D1C10DB011}.Debug|x86.ActiveCfg = Debug|Any CPU
		{E51AD389-3D5C-4C73-A198-20D1C10DB011}.Debug|x86.Build.0 = Debug|Any CPU
		{E51AD389-3D5C-4C73-A198-20D1C10DB011}.Release|Any CPU.ActiveCfg = Release|Any CPU
		{E51AD389-3D5C-4C73-A198-20D1C10DB011}.Release|Any CPU.Build.0 = Release|Any CPU
		{E51AD389-3D5C-4C73-A198-20D1C10DB011}.Release|x64.ActiveCfg = Release|Any CPU
		{E51AD389-3D5C-4C73-A198-20D1C10DB011}.Release|x64.Build.0 = Release|Any CPU
		{E51AD389-3D5C-4C73-A198-20D1C10DB011}.Release|x86.ActiveCfg = Release|Any CPU
		{E51AD389-3D5C-4C73-A198-20D1C10DB011}.Release|x86.Build.0 = Release|Any CPU
	EndGlobalSection
	GlobalSection(SolutionProperties) = preSolution
		HideSolutionNode = FALSE
	EndGlobalSection
	GlobalSection(ExtensibilityGlobals) = postSolution
		SolutionGuid = {1C5CAD91-C9D6-40E3-8F61-92DFE8714101}
	EndGlobalSection
EndGlobal
