
Microsoft Visual Studio Solution File, Format Version 12.00
# Visual Studio 15
VisualStudioVersion = 15.0.26124.0
MinimumVisualStudioVersion = 15.0.26124.0
Project("{FAE04EC0-301F-11D3-BF4B-00C04F79EFBC}") = "LS.Api", "LS.Api\LS.Api.csproj", "{D5F981BC-ADF5-4DF6-8806-B31246B72363}"
EndProject
Project("{FAE04EC0-301F-11D3-BF4B-00C04F79EFBC}") = "LS.Domain", "LS.Domain\LS.Domain.csproj", "{61408E3D-5529-4499-B763-912B69562321}"
EndProject
Project("{FAE04EC0-301F-11D3-BF4B-00C04F79EFBC}") = "LS.Infra", "LS.Infra\LS.Infra.csproj", "{1612DA7D-10A0-4476-8F40-ACBAF72DE65F}"
EndProject
Project("{FAE04EC0-301F-11D3-BF4B-00C04F79EFBC}") = "LS.Shared", "LS.Shared\LS.Shared.csproj", "{D6B98924-9B79-45D8-8B9E-208CB3BF211E}"
EndProject
Project("{FAE04EC0-301F-11D3-BF4B-00C04F79EFBC}") = "LS.Test", "LS.Test\LS.Test.csproj", "{5AB63D6B-86EC-4952-8FFC-8B55DDF7FDC5}"
EndProject
Global
	GlobalSection(SolutionConfigurationPlatforms) = preSolution
		Debug|Any CPU = Debug|Any CPU
		Debug|x64 = Debug|x64
		Debug|x86 = Debug|x86
		Release|Any CPU = Release|Any CPU
		Release|x64 = Release|x64
		Release|x86 = Release|x86
	EndGlobalSection
	GlobalSection(SolutionProperties) = preSolution
		HideSolutionNode = FALSE
	EndGlobalSection
	GlobalSection(ProjectConfigurationPlatforms) = postSolution
		{D5F981BC-ADF5-4DF6-8806-B31246B72363}.Debug|Any CPU.ActiveCfg = Debug|Any CPU
		{D5F981BC-ADF5-4DF6-8806-B31246B72363}.Debug|Any CPU.Build.0 = Debug|Any CPU
		{D5F981BC-ADF5-4DF6-8806-B31246B72363}.Debug|x64.ActiveCfg = Debug|Any CPU
		{D5F981BC-ADF5-4DF6-8806-B31246B72363}.Debug|x64.Build.0 = Debug|Any CPU
		{D5F981BC-ADF5-4DF6-8806-B31246B72363}.Debug|x86.ActiveCfg = Debug|Any CPU
		{D5F981BC-ADF5-4DF6-8806-B31246B72363}.Debug|x86.Build.0 = Debug|Any CPU
		{D5F981BC-ADF5-4DF6-8806-B31246B72363}.Release|Any CPU.ActiveCfg = Release|Any CPU
		{D5F981BC-ADF5-4DF6-8806-B31246B72363}.Release|Any CPU.Build.0 = Release|Any CPU
		{D5F981BC-ADF5-4DF6-8806-B31246B72363}.Release|x64.ActiveCfg = Release|Any CPU
		{D5F981BC-ADF5-4DF6-8806-B31246B72363}.Release|x64.Build.0 = Release|Any CPU
		{D5F981BC-ADF5-4DF6-8806-B31246B72363}.Release|x86.ActiveCfg = Release|Any CPU
		{D5F981BC-ADF5-4DF6-8806-B31246B72363}.Release|x86.Build.0 = Release|Any CPU
		{61408E3D-5529-4499-B763-912B69562321}.Debug|Any CPU.ActiveCfg = Debug|Any CPU
		{61408E3D-5529-4499-B763-912B69562321}.Debug|Any CPU.Build.0 = Debug|Any CPU
		{61408E3D-5529-4499-B763-912B69562321}.Debug|x64.ActiveCfg = Debug|Any CPU
		{61408E3D-5529-4499-B763-912B69562321}.Debug|x64.Build.0 = Debug|Any CPU
		{61408E3D-5529-4499-B763-912B69562321}.Debug|x86.ActiveCfg = Debug|Any CPU
		{61408E3D-5529-4499-B763-912B69562321}.Debug|x86.Build.0 = Debug|Any CPU
		{61408E3D-5529-4499-B763-912B69562321}.Release|Any CPU.ActiveCfg = Release|Any CPU
		{61408E3D-5529-4499-B763-912B69562321}.Release|Any CPU.Build.0 = Release|Any CPU
		{61408E3D-5529-4499-B763-912B69562321}.Release|x64.ActiveCfg = Release|Any CPU
		{61408E3D-5529-4499-B763-912B69562321}.Release|x64.Build.0 = Release|Any CPU
		{61408E3D-5529-4499-B763-912B69562321}.Release|x86.ActiveCfg = Release|Any CPU
		{61408E3D-5529-4499-B763-912B69562321}.Release|x86.Build.0 = Release|Any CPU
		{1612DA7D-10A0-4476-8F40-ACBAF72DE65F}.Debug|Any CPU.ActiveCfg = Debug|Any CPU
		{1612DA7D-10A0-4476-8F40-ACBAF72DE65F}.Debug|Any CPU.Build.0 = Debug|Any CPU
		{1612DA7D-10A0-4476-8F40-ACBAF72DE65F}.Debug|x64.ActiveCfg = Debug|Any CPU
		{1612DA7D-10A0-4476-8F40-ACBAF72DE65F}.Debug|x64.Build.0 = Debug|Any CPU
		{1612DA7D-10A0-4476-8F40-ACBAF72DE65F}.Debug|x86.ActiveCfg = Debug|Any CPU
		{1612DA7D-10A0-4476-8F40-ACBAF72DE65F}.Debug|x86.Build.0 = Debug|Any CPU
		{1612DA7D-10A0-4476-8F40-ACBAF72DE65F}.Release|Any CPU.ActiveCfg = Release|Any CPU
		{1612DA7D-10A0-4476-8F40-ACBAF72DE65F}.Release|Any CPU.Build.0 = Release|Any CPU
		{1612DA7D-10A0-4476-8F40-ACBAF72DE65F}.Release|x64.ActiveCfg = Release|Any CPU
		{1612DA7D-10A0-4476-8F40-ACBAF72DE65F}.Release|x64.Build.0 = Release|Any CPU
		{1612DA7D-10A0-4476-8F40-ACBAF72DE65F}.Release|x86.ActiveCfg = Release|Any CPU
		{1612DA7D-10A0-4476-8F40-ACBAF72DE65F}.Release|x86.Build.0 = Release|Any CPU
		{D6B98924-9B79-45D8-8B9E-208CB3BF211E}.Debug|Any CPU.ActiveCfg = Debug|Any CPU
		{D6B98924-9B79-45D8-8B9E-208CB3BF211E}.Debug|Any CPU.Build.0 = Debug|Any CPU
		{D6B98924-9B79-45D8-8B9E-208CB3BF211E}.Debug|x64.ActiveCfg = Debug|Any CPU
		{D6B98924-9B79-45D8-8B9E-208CB3BF211E}.Debug|x64.Build.0 = Debug|Any CPU
		{D6B98924-9B79-45D8-8B9E-208CB3BF211E}.Debug|x86.ActiveCfg = Debug|Any CPU
		{D6B98924-9B79-45D8-8B9E-208CB3BF211E}.Debug|x86.Build.0 = Debug|Any CPU
		{D6B98924-9B79-45D8-8B9E-208CB3BF211E}.Release|Any CPU.ActiveCfg = Release|Any CPU
		{D6B98924-9B79-45D8-8B9E-208CB3BF211E}.Release|Any CPU.Build.0 = Release|Any CPU
		{D6B98924-9B79-45D8-8B9E-208CB3BF211E}.Release|x64.ActiveCfg = Release|Any CPU
		{D6B98924-9B79-45D8-8B9E-208CB3BF211E}.Release|x64.Build.0 = Release|Any CPU
		{D6B98924-9B79-45D8-8B9E-208CB3BF211E}.Release|x86.ActiveCfg = Release|Any CPU
		{D6B98924-9B79-45D8-8B9E-208CB3BF211E}.Release|x86.Build.0 = Release|Any CPU
		{5AB63D6B-86EC-4952-8FFC-8B55DDF7FDC5}.Debug|Any CPU.ActiveCfg = Debug|Any CPU
		{5AB63D6B-86EC-4952-8FFC-8B55DDF7FDC5}.Debug|Any CPU.Build.0 = Debug|Any CPU
		{5AB63D6B-86EC-4952-8FFC-8B55DDF7FDC5}.Debug|x64.ActiveCfg = Debug|Any CPU
		{5AB63D6B-86EC-4952-8FFC-8B55DDF7FDC5}.Debug|x64.Build.0 = Debug|Any CPU
		{5AB63D6B-86EC-4952-8FFC-8B55DDF7FDC5}.Debug|x86.ActiveCfg = Debug|Any CPU
		{5AB63D6B-86EC-4952-8FFC-8B55DDF7FDC5}.Debug|x86.Build.0 = Debug|Any CPU
		{5AB63D6B-86EC-4952-8FFC-8B55DDF7FDC5}.Release|Any CPU.ActiveCfg = Release|Any CPU
		{5AB63D6B-86EC-4952-8FFC-8B55DDF7FDC5}.Release|Any CPU.Build.0 = Release|Any CPU
		{5AB63D6B-86EC-4952-8FFC-8B55DDF7FDC5}.Release|x64.ActiveCfg = Release|Any CPU
		{5AB63D6B-86EC-4952-8FFC-8B55DDF7FDC5}.Release|x64.Build.0 = Release|Any CPU
		{5AB63D6B-86EC-4952-8FFC-8B55DDF7FDC5}.Release|x86.ActiveCfg = Release|Any CPU
		{5AB63D6B-86EC-4952-8FFC-8B55DDF7FDC5}.Release|x86.Build.0 = Release|Any CPU
	EndGlobalSection
EndGlobal
